// !$*UTF8*$!
{
	archiveVersion = 1;
	classes = {
	};
	objectVersion = 51;
	objects = {

/* Begin PBXBuildFile section */
		911BD44A4ABC7A1E4F36A640 /* Pods_NearbyPlacesTests.framework in Frameworks */ = {isa = PBXBuildFile; fileRef = 729639F29A09FC6DE2F3F842 /* Pods_NearbyPlacesTests.framework */; };
		E0A6313B6296D49C717408D0 /* Pods_NearbyPlaces_NearbyPlacesUITests.framework in Frameworks */ = {isa = PBXBuildFile; fileRef = 96A85BAD883856114855F423 /* Pods_NearbyPlaces_NearbyPlacesUITests.framework */; };
		E4318E2D9A06B3EFCD4C74C8 /* Pods_NearbyPlaces.framework in Frameworks */ = {isa = PBXBuildFile; fileRef = 89ADFBCDE329502198D77AC5 /* Pods_NearbyPlaces.framework */; };
		FB839B7224057FEA00690E26 /* AppDelegate.swift in Sources */ = {isa = PBXBuildFile; fileRef = FB839B7124057FEA00690E26 /* AppDelegate.swift */; };
		FB839B7424057FEA00690E26 /* SceneDelegate.swift in Sources */ = {isa = PBXBuildFile; fileRef = FB839B7324057FEA00690E26 /* SceneDelegate.swift */; };
		FB839B7624057FEA00690E26 /* ContentView.swift in Sources */ = {isa = PBXBuildFile; fileRef = FB839B7524057FEA00690E26 /* ContentView.swift */; };
		FB839B7824057FEF00690E26 /* Assets.xcassets in Resources */ = {isa = PBXBuildFile; fileRef = FB839B7724057FEF00690E26 /* Assets.xcassets */; };
		FB839B7B24057FEF00690E26 /* Preview Assets.xcassets in Resources */ = {isa = PBXBuildFile; fileRef = FB839B7A24057FEF00690E26 /* Preview Assets.xcassets */; };
		FB839B7E24057FEF00690E26 /* LaunchScreen.storyboard in Resources */ = {isa = PBXBuildFile; fileRef = FB839B7C24057FEF00690E26 /* LaunchScreen.storyboard */; };
		FB839B8924057FEF00690E26 /* NearbyPlacesTests.swift in Sources */ = {isa = PBXBuildFile; fileRef = FB839B8824057FEF00690E26 /* NearbyPlacesTests.swift */; };
		FB839B9424057FEF00690E26 /* NearbyPlacesUITests.swift in Sources */ = {isa = PBXBuildFile; fileRef = FB839B9324057FEF00690E26 /* NearbyPlacesUITests.swift */; };
		FB839BA2240580AF00690E26 /* DetailView.swift in Sources */ = {isa = PBXBuildFile; fileRef = FB839BA1240580AF00690E26 /* DetailView.swift */; };
		FB839BE52405CDA300690E26 /* PlacesListView.swift in Sources */ = {isa = PBXBuildFile; fileRef = FB839BE42405CDA300690E26 /* PlacesListView.swift */; };
		FB839BE72406631000690E26 /* Place.swift in Sources */ = {isa = PBXBuildFile; fileRef = FB839BE62406631000690E26 /* Place.swift */; };
		FB839BEB240663F000690E26 /* PlaceDetail.swift in Sources */ = {isa = PBXBuildFile; fileRef = FB839BEA240663F000690E26 /* PlaceDetail.swift */; };
		FB839BED2406819E00690E26 /* EndPointURL.swift in Sources */ = {isa = PBXBuildFile; fileRef = FB839BEC2406819E00690E26 /* EndPointURL.swift */; };
		FB839BEF240681A800690E26 /* RestServices.swift in Sources */ = {isa = PBXBuildFile; fileRef = FB839BEE240681A800690E26 /* RestServices.swift */; };
		FB839BF2240687B700690E26 /* ErrorResponse.swift in Sources */ = {isa = PBXBuildFile; fileRef = FB839BF1240687B700690E26 /* ErrorResponse.swift */; };
		FB839BF4240688D300690E26 /* Response.swift in Sources */ = {isa = PBXBuildFile; fileRef = FB839BF3240688D300690E26 /* Response.swift */; };
		FB839BF6240689F300690E26 /* PlacesListViewModel.swift in Sources */ = {isa = PBXBuildFile; fileRef = FB839BF5240689F300690E26 /* PlacesListViewModel.swift */; };
		FB839BF824068A0000690E26 /* DetailViewModel.swift in Sources */ = {isa = PBXBuildFile; fileRef = FB839BF724068A0000690E26 /* DetailViewModel.swift */; };
		FB839BFA24068AED00690E26 /* Mocker.swift in Sources */ = {isa = PBXBuildFile; fileRef = FB839BF924068AED00690E26 /* Mocker.swift */; };
		FBD7F5032406C68800BD7C61 /* PlacesFetcher.swift in Sources */ = {isa = PBXBuildFile; fileRef = FBD7F5022406C68800BD7C61 /* PlacesFetcher.swift */; };
		FBD7F5052406C70800BD7C61 /* PlacesResponse.swift in Sources */ = {isa = PBXBuildFile; fileRef = FBD7F5042406C70800BD7C61 /* PlacesResponse.swift */; };
		FBD7F5082406D88F00BD7C61 /* NOURLEncoding.swift in Sources */ = {isa = PBXBuildFile; fileRef = FBD7F5072406D88F00BD7C61 /* NOURLEncoding.swift */; };
		FBD7F50A2406E09300BD7C61 /* DetailFetcher.swift in Sources */ = {isa = PBXBuildFile; fileRef = FBD7F5092406E09300BD7C61 /* DetailFetcher.swift */; };
		FBD7F50C2406E13800BD7C61 /* DetailResponse.swift in Sources */ = {isa = PBXBuildFile; fileRef = FBD7F50B2406E13800BD7C61 /* DetailResponse.swift */; };
/* End PBXBuildFile section */

/* Begin PBXContainerItemProxy section */
		FB839B8524057FEF00690E26 /* PBXContainerItemProxy */ = {
			isa = PBXContainerItemProxy;
			containerPortal = FB839B6624057FEA00690E26 /* Project object */;
			proxyType = 1;
			remoteGlobalIDString = FB839B6D24057FEA00690E26;
			remoteInfo = NearbyPlaces;
		};
		FB839B9024057FEF00690E26 /* PBXContainerItemProxy */ = {
			isa = PBXContainerItemProxy;
			containerPortal = FB839B6624057FEA00690E26 /* Project object */;
			proxyType = 1;
			remoteGlobalIDString = FB839B6D24057FEA00690E26;
			remoteInfo = NearbyPlaces;
		};
/* End PBXContainerItemProxy section */

/* Begin PBXFileReference section */
		03AF6FE9C90C0DA63FD4351F /* Pods-NearbyPlacesTests.release.xcconfig */ = {isa = PBXFileReference; includeInIndex = 1; lastKnownFileType = text.xcconfig; name = "Pods-NearbyPlacesTests.release.xcconfig"; path = "Target Support Files/Pods-NearbyPlacesTests/Pods-NearbyPlacesTests.release.xcconfig"; sourceTree = "<group>"; };
		0AAE3249E6305042FADAF458 /* Pods-NearbyPlaces-NearbyPlacesUITests.release.xcconfig */ = {isa = PBXFileReference; includeInIndex = 1; lastKnownFileType = text.xcconfig; name = "Pods-NearbyPlaces-NearbyPlacesUITests.release.xcconfig"; path = "Target Support Files/Pods-NearbyPlaces-NearbyPlacesUITests/Pods-NearbyPlaces-NearbyPlacesUITests.release.xcconfig"; sourceTree = "<group>"; };
		115BB83FA676163CBCD3B191 /* Pods-NearbyPlaces.release.xcconfig */ = {isa = PBXFileReference; includeInIndex = 1; lastKnownFileType = text.xcconfig; name = "Pods-NearbyPlaces.release.xcconfig"; path = "Target Support Files/Pods-NearbyPlaces/Pods-NearbyPlaces.release.xcconfig"; sourceTree = "<group>"; };
		32E9EBD698C7D3610D518765 /* Pods-NearbyPlaces.debug.xcconfig */ = {isa = PBXFileReference; includeInIndex = 1; lastKnownFileType = text.xcconfig; name = "Pods-NearbyPlaces.debug.xcconfig"; path = "Target Support Files/Pods-NearbyPlaces/Pods-NearbyPlaces.debug.xcconfig"; sourceTree = "<group>"; };
		647B78DD6252514209EDF26B /* Pods-NearbyPlacesTests.debug.xcconfig */ = {isa = PBXFileReference; includeInIndex = 1; lastKnownFileType = text.xcconfig; name = "Pods-NearbyPlacesTests.debug.xcconfig"; path = "Target Support Files/Pods-NearbyPlacesTests/Pods-NearbyPlacesTests.debug.xcconfig"; sourceTree = "<group>"; };
		729639F29A09FC6DE2F3F842 /* Pods_NearbyPlacesTests.framework */ = {isa = PBXFileReference; explicitFileType = wrapper.framework; includeInIndex = 0; path = Pods_NearbyPlacesTests.framework; sourceTree = BUILT_PRODUCTS_DIR; };
		81A01A3132EA9779A541FD57 /* Pods-NearbyPlaces-NearbyPlacesUITests.debug.xcconfig */ = {isa = PBXFileReference; includeInIndex = 1; lastKnownFileType = text.xcconfig; name = "Pods-NearbyPlaces-NearbyPlacesUITests.debug.xcconfig"; path = "Target Support Files/Pods-NearbyPlaces-NearbyPlacesUITests/Pods-NearbyPlaces-NearbyPlacesUITests.debug.xcconfig"; sourceTree = "<group>"; };
		89ADFBCDE329502198D77AC5 /* Pods_NearbyPlaces.framework */ = {isa = PBXFileReference; explicitFileType = wrapper.framework; includeInIndex = 0; path = Pods_NearbyPlaces.framework; sourceTree = BUILT_PRODUCTS_DIR; };
		96A85BAD883856114855F423 /* Pods_NearbyPlaces_NearbyPlacesUITests.framework */ = {isa = PBXFileReference; explicitFileType = wrapper.framework; includeInIndex = 0; path = Pods_NearbyPlaces_NearbyPlacesUITests.framework; sourceTree = BUILT_PRODUCTS_DIR; };
		FB839B6E24057FEA00690E26 /* NearbyPlaces.app */ = {isa = PBXFileReference; explicitFileType = wrapper.application; includeInIndex = 0; path = NearbyPlaces.app; sourceTree = BUILT_PRODUCTS_DIR; };
		FB839B7124057FEA00690E26 /* AppDelegate.swift */ = {isa = PBXFileReference; lastKnownFileType = sourcecode.swift; path = AppDelegate.swift; sourceTree = "<group>"; };
		FB839B7324057FEA00690E26 /* SceneDelegate.swift */ = {isa = PBXFileReference; lastKnownFileType = sourcecode.swift; path = SceneDelegate.swift; sourceTree = "<group>"; };
		FB839B7524057FEA00690E26 /* ContentView.swift */ = {isa = PBXFileReference; lastKnownFileType = sourcecode.swift; path = ContentView.swift; sourceTree = "<group>"; };
		FB839B7724057FEF00690E26 /* Assets.xcassets */ = {isa = PBXFileReference; lastKnownFileType = folder.assetcatalog; path = Assets.xcassets; sourceTree = "<group>"; };
		FB839B7A24057FEF00690E26 /* Preview Assets.xcassets */ = {isa = PBXFileReference; lastKnownFileType = folder.assetcatalog; path = "Preview Assets.xcassets"; sourceTree = "<group>"; };
		FB839B7D24057FEF00690E26 /* Base */ = {isa = PBXFileReference; lastKnownFileType = file.storyboard; name = Base; path = Base.lproj/LaunchScreen.storyboard; sourceTree = "<group>"; };
		FB839B7F24057FEF00690E26 /* Info.plist */ = {isa = PBXFileReference; lastKnownFileType = text.plist.xml; path = Info.plist; sourceTree = "<group>"; };
		FB839B8424057FEF00690E26 /* NearbyPlacesTests.xctest */ = {isa = PBXFileReference; explicitFileType = wrapper.cfbundle; includeInIndex = 0; path = NearbyPlacesTests.xctest; sourceTree = BUILT_PRODUCTS_DIR; };
		FB839B8824057FEF00690E26 /* NearbyPlacesTests.swift */ = {isa = PBXFileReference; lastKnownFileType = sourcecode.swift; path = NearbyPlacesTests.swift; sourceTree = "<group>"; };
		FB839B8A24057FEF00690E26 /* Info.plist */ = {isa = PBXFileReference; lastKnownFileType = text.plist.xml; path = Info.plist; sourceTree = "<group>"; };
		FB839B8F24057FEF00690E26 /* NearbyPlacesUITests.xctest */ = {isa = PBXFileReference; explicitFileType = wrapper.cfbundle; includeInIndex = 0; path = NearbyPlacesUITests.xctest; sourceTree = BUILT_PRODUCTS_DIR; };
		FB839B9324057FEF00690E26 /* NearbyPlacesUITests.swift */ = {isa = PBXFileReference; lastKnownFileType = sourcecode.swift; path = NearbyPlacesUITests.swift; sourceTree = "<group>"; };
		FB839B9524057FEF00690E26 /* Info.plist */ = {isa = PBXFileReference; lastKnownFileType = text.plist.xml; path = Info.plist; sourceTree = "<group>"; };
		FB839BA1240580AF00690E26 /* DetailView.swift */ = {isa = PBXFileReference; lastKnownFileType = sourcecode.swift; path = DetailView.swift; sourceTree = "<group>"; };
		FB839BE42405CDA300690E26 /* PlacesListView.swift */ = {isa = PBXFileReference; lastKnownFileType = sourcecode.swift; path = PlacesListView.swift; sourceTree = "<group>"; };
		FB839BE62406631000690E26 /* Place.swift */ = {isa = PBXFileReference; lastKnownFileType = sourcecode.swift; path = Place.swift; sourceTree = "<group>"; };
		FB839BEA240663F000690E26 /* PlaceDetail.swift */ = {isa = PBXFileReference; lastKnownFileType = sourcecode.swift; path = PlaceDetail.swift; sourceTree = "<group>"; };
		FB839BEC2406819E00690E26 /* EndPointURL.swift */ = {isa = PBXFileReference; lastKnownFileType = sourcecode.swift; path = EndPointURL.swift; sourceTree = "<group>"; };
		FB839BEE240681A800690E26 /* RestServices.swift */ = {isa = PBXFileReference; lastKnownFileType = sourcecode.swift; path = RestServices.swift; sourceTree = "<group>"; };
		FB839BF1240687B700690E26 /* ErrorResponse.swift */ = {isa = PBXFileReference; lastKnownFileType = sourcecode.swift; path = ErrorResponse.swift; sourceTree = "<group>"; };
		FB839BF3240688D300690E26 /* Response.swift */ = {isa = PBXFileReference; lastKnownFileType = sourcecode.swift; path = Response.swift; sourceTree = "<group>"; };
		FB839BF5240689F300690E26 /* PlacesListViewModel.swift */ = {isa = PBXFileReference; lastKnownFileType = sourcecode.swift; path = PlacesListViewModel.swift; sourceTree = "<group>"; };
		FB839BF724068A0000690E26 /* DetailViewModel.swift */ = {isa = PBXFileReference; lastKnownFileType = sourcecode.swift; path = DetailViewModel.swift; sourceTree = "<group>"; };
		FB839BF924068AED00690E26 /* Mocker.swift */ = {isa = PBXFileReference; lastKnownFileType = sourcecode.swift; path = Mocker.swift; sourceTree = "<group>"; };
		FBD7F5022406C68800BD7C61 /* PlacesFetcher.swift */ = {isa = PBXFileReference; lastKnownFileType = sourcecode.swift; path = PlacesFetcher.swift; sourceTree = "<group>"; };
		FBD7F5042406C70800BD7C61 /* PlacesResponse.swift */ = {isa = PBXFileReference; lastKnownFileType = sourcecode.swift; path = PlacesResponse.swift; sourceTree = "<group>"; };
		FBD7F5072406D88F00BD7C61 /* NOURLEncoding.swift */ = {isa = PBXFileReference; lastKnownFileType = sourcecode.swift; path = NOURLEncoding.swift; sourceTree = "<group>"; };
		FBD7F5092406E09300BD7C61 /* DetailFetcher.swift */ = {isa = PBXFileReference; lastKnownFileType = sourcecode.swift; path = DetailFetcher.swift; sourceTree = "<group>"; };
		FBD7F50B2406E13800BD7C61 /* DetailResponse.swift */ = {isa = PBXFileReference; lastKnownFileType = sourcecode.swift; path = DetailResponse.swift; sourceTree = "<group>"; };
/* End PBXFileReference section */

/* Begin PBXFrameworksBuildPhase section */
		FB839B6B24057FEA00690E26 /* Frameworks */ = {
			isa = PBXFrameworksBuildPhase;
			buildActionMask = 2147483647;
			files = (
				E4318E2D9A06B3EFCD4C74C8 /* Pods_NearbyPlaces.framework in Frameworks */,
			);
			runOnlyForDeploymentPostprocessing = 0;
		};
		FB839B8124057FEF00690E26 /* Frameworks */ = {
			isa = PBXFrameworksBuildPhase;
			buildActionMask = 2147483647;
			files = (
				911BD44A4ABC7A1E4F36A640 /* Pods_NearbyPlacesTests.framework in Frameworks */,
			);
			runOnlyForDeploymentPostprocessing = 0;
		};
		FB839B8C24057FEF00690E26 /* Frameworks */ = {
			isa = PBXFrameworksBuildPhase;
			buildActionMask = 2147483647;
			files = (
				E0A6313B6296D49C717408D0 /* Pods_NearbyPlaces_NearbyPlacesUITests.framework in Frameworks */,
			);
			runOnlyForDeploymentPostprocessing = 0;
		};
/* End PBXFrameworksBuildPhase section */

/* Begin PBXGroup section */
		080A358AC457359E55D8107F /* Pods */ = {
			isa = PBXGroup;
			children = (
				32E9EBD698C7D3610D518765 /* Pods-NearbyPlaces.debug.xcconfig */,
				115BB83FA676163CBCD3B191 /* Pods-NearbyPlaces.release.xcconfig */,
				81A01A3132EA9779A541FD57 /* Pods-NearbyPlaces-NearbyPlacesUITests.debug.xcconfig */,
				0AAE3249E6305042FADAF458 /* Pods-NearbyPlaces-NearbyPlacesUITests.release.xcconfig */,
				647B78DD6252514209EDF26B /* Pods-NearbyPlacesTests.debug.xcconfig */,
				03AF6FE9C90C0DA63FD4351F /* Pods-NearbyPlacesTests.release.xcconfig */,
			);
			path = Pods;
			sourceTree = "<group>";
		};
		45089553F3CD9545D4E2DDEF /* Frameworks */ = {
			isa = PBXGroup;
			children = (
				89ADFBCDE329502198D77AC5 /* Pods_NearbyPlaces.framework */,
				96A85BAD883856114855F423 /* Pods_NearbyPlaces_NearbyPlacesUITests.framework */,
				729639F29A09FC6DE2F3F842 /* Pods_NearbyPlacesTests.framework */,
			);
			name = Frameworks;
			sourceTree = "<group>";
		};
		FB839B6524057FEA00690E26 = {
			isa = PBXGroup;
			children = (
				FB839B7024057FEA00690E26 /* NearbyPlaces */,
				FB839B8724057FEF00690E26 /* NearbyPlacesTests */,
				FB839B9224057FEF00690E26 /* NearbyPlacesUITests */,
				FB839B6F24057FEA00690E26 /* Products */,
				080A358AC457359E55D8107F /* Pods */,
				45089553F3CD9545D4E2DDEF /* Frameworks */,
			);
			sourceTree = "<group>";
		};
		FB839B6F24057FEA00690E26 /* Products */ = {
			isa = PBXGroup;
			children = (
				FB839B6E24057FEA00690E26 /* NearbyPlaces.app */,
				FB839B8424057FEF00690E26 /* NearbyPlacesTests.xctest */,
				FB839B8F24057FEF00690E26 /* NearbyPlacesUITests.xctest */,
			);
			name = Products;
			sourceTree = "<group>";
		};
		FB839B7024057FEA00690E26 /* NearbyPlaces */ = {
			isa = PBXGroup;
			children = (
				FB839BE32405CCE900690E26 /* Networking */,
				FB839BDF2405CCA800690E26 /* Model */,
				FB839BE02405CCB200690E26 /* Stories */,
				FBD7F5062406D75900BD7C61 /* Utils */,
				FB839B7124057FEA00690E26 /* AppDelegate.swift */,
				FB839B7324057FEA00690E26 /* SceneDelegate.swift */,
				FB839B7524057FEA00690E26 /* ContentView.swift */,
				FB839B7724057FEF00690E26 /* Assets.xcassets */,
				FB839B7C24057FEF00690E26 /* LaunchScreen.storyboard */,
				FB839B7F24057FEF00690E26 /* Info.plist */,
				FB839B7924057FEF00690E26 /* Preview Content */,
			);
			path = NearbyPlaces;
			sourceTree = "<group>";
		};
		FB839B7924057FEF00690E26 /* Preview Content */ = {
			isa = PBXGroup;
			children = (
				FB839B7A24057FEF00690E26 /* Preview Assets.xcassets */,
			);
			path = "Preview Content";
			sourceTree = "<group>";
		};
		FB839B8724057FEF00690E26 /* NearbyPlacesTests */ = {
			isa = PBXGroup;
			children = (
				FB839B8824057FEF00690E26 /* NearbyPlacesTests.swift */,
				FB839B8A24057FEF00690E26 /* Info.plist */,
			);
			path = NearbyPlacesTests;
			sourceTree = "<group>";
		};
		FB839B9224057FEF00690E26 /* NearbyPlacesUITests */ = {
			isa = PBXGroup;
			children = (
				FB839B9324057FEF00690E26 /* NearbyPlacesUITests.swift */,
				FB839B9524057FEF00690E26 /* Info.plist */,
			);
			path = NearbyPlacesUITests;
			sourceTree = "<group>";
		};
		FB839BDF2405CCA800690E26 /* Model */ = {
			isa = PBXGroup;
			children = (
				FB839BE62406631000690E26 /* Place.swift */,
				FB839BEA240663F000690E26 /* PlaceDetail.swift */,
				FB839BF924068AED00690E26 /* Mocker.swift */,
			);
			path = Model;
			sourceTree = "<group>";
		};
		FB839BE02405CCB200690E26 /* Stories */ = {
			isa = PBXGroup;
			children = (
				FB839BE12405CCBE00690E26 /* PlacesList */,
				FB839BE22405CCC800690E26 /* PlaceDetails */,
			);
			path = Stories;
			sourceTree = "<group>";
		};
		FB839BE12405CCBE00690E26 /* PlacesList */ = {
			isa = PBXGroup;
			children = (
				FB839BE42405CDA300690E26 /* PlacesListView.swift */,
				FB839BF5240689F300690E26 /* PlacesListViewModel.swift */,
			);
			path = PlacesList;
			sourceTree = "<group>";
		};
		FB839BE22405CCC800690E26 /* PlaceDetails */ = {
			isa = PBXGroup;
			children = (
				FB839BA1240580AF00690E26 /* DetailView.swift */,
				FB839BF724068A0000690E26 /* DetailViewModel.swift */,
			);
			path = PlaceDetails;
			sourceTree = "<group>";
		};
		FB839BE32405CCE900690E26 /* Networking */ = {
			isa = PBXGroup;
			children = (
				FBD7F5012406C0FE00BD7C61 /* Fetchers */,
				FB839BF02406878300690E26 /* Responses */,
				FB839BEC2406819E00690E26 /* EndPointURL.swift */,
				FB839BEE240681A800690E26 /* RestServices.swift */,
			);
			path = Networking;
			sourceTree = "<group>";
		};
		FB839BF02406878300690E26 /* Responses */ = {
			isa = PBXGroup;
			children = (
				FB839BF1240687B700690E26 /* ErrorResponse.swift */,
				FB839BF3240688D300690E26 /* Response.swift */,
				FBD7F5042406C70800BD7C61 /* PlacesResponse.swift */,
				FBD7F50B2406E13800BD7C61 /* DetailResponse.swift */,
			);
			path = Responses;
			sourceTree = "<group>";
		};
		FBD7F5012406C0FE00BD7C61 /* Fetchers */ = {
			isa = PBXGroup;
			children = (
				FBD7F5022406C68800BD7C61 /* PlacesFetcher.swift */,
				FBD7F5092406E09300BD7C61 /* DetailFetcher.swift */,
			);
			path = Fetchers;
			sourceTree = "<group>";
		};
		FBD7F5062406D75900BD7C61 /* Utils */ = {
			isa = PBXGroup;
			children = (
				FBD7F5072406D88F00BD7C61 /* NOURLEncoding.swift */,
			);
			path = Utils;
			sourceTree = "<group>";
		};
/* End PBXGroup section */

/* Begin PBXNativeTarget section */
		FB839B6D24057FEA00690E26 /* NearbyPlaces */ = {
			isa = PBXNativeTarget;
			buildConfigurationList = FB839B9824057FEF00690E26 /* Build configuration list for PBXNativeTarget "NearbyPlaces" */;
			buildPhases = (
				9227C382C252B5E027C3F874 /* [CP] Check Pods Manifest.lock */,
				FB839B6A24057FEA00690E26 /* Sources */,
				FB839B6B24057FEA00690E26 /* Frameworks */,
				FB839B6C24057FEA00690E26 /* Resources */,
				3F02CC90F1CCF1F6C0B98D2B /* [CP] Embed Pods Frameworks */,
			);
			buildRules = (
			);
			dependencies = (
			);
			name = NearbyPlaces;
			productName = NearbyPlaces;
			productReference = FB839B6E24057FEA00690E26 /* NearbyPlaces.app */;
			productType = "com.apple.product-type.application";
		};
		FB839B8324057FEF00690E26 /* NearbyPlacesTests */ = {
			isa = PBXNativeTarget;
			buildConfigurationList = FB839B9B24057FEF00690E26 /* Build configuration list for PBXNativeTarget "NearbyPlacesTests" */;
			buildPhases = (
				43F117695B39896C61CB5B25 /* [CP] Check Pods Manifest.lock */,
				FB839B8024057FEF00690E26 /* Sources */,
				FB839B8124057FEF00690E26 /* Frameworks */,
				FB839B8224057FEF00690E26 /* Resources */,
			);
			buildRules = (
			);
			dependencies = (
				FB839B8624057FEF00690E26 /* PBXTargetDependency */,
			);
			name = NearbyPlacesTests;
			productName = NearbyPlacesTests;
			productReference = FB839B8424057FEF00690E26 /* NearbyPlacesTests.xctest */;
			productType = "com.apple.product-type.bundle.unit-test";
		};
		FB839B8E24057FEF00690E26 /* NearbyPlacesUITests */ = {
			isa = PBXNativeTarget;
			buildConfigurationList = FB839B9E24057FEF00690E26 /* Build configuration list for PBXNativeTarget "NearbyPlacesUITests" */;
			buildPhases = (
				ED2F84B41709A911C1FEFDDF /* [CP] Check Pods Manifest.lock */,
				FB839B8B24057FEF00690E26 /* Sources */,
				FB839B8C24057FEF00690E26 /* Frameworks */,
				FB839B8D24057FEF00690E26 /* Resources */,
				526FA5816E1D04600A3F53ED /* [CP] Embed Pods Frameworks */,
			);
			buildRules = (
			);
			dependencies = (
				FB839B9124057FEF00690E26 /* PBXTargetDependency */,
			);
			name = NearbyPlacesUITests;
			productName = NearbyPlacesUITests;
			productReference = FB839B8F24057FEF00690E26 /* NearbyPlacesUITests.xctest */;
			productType = "com.apple.product-type.bundle.ui-testing";
		};
/* End PBXNativeTarget section */

/* Begin PBXProject section */
		FB839B6624057FEA00690E26 /* Project object */ = {
			isa = PBXProject;
			attributes = {
				LastSwiftUpdateCheck = 1130;
				LastUpgradeCheck = 1130;
				ORGANIZATIONNAME = "Furkan Kaynar";
				TargetAttributes = {
					FB839B6D24057FEA00690E26 = {
						CreatedOnToolsVersion = 11.3.1;
					};
					FB839B8324057FEF00690E26 = {
						CreatedOnToolsVersion = 11.3.1;
						TestTargetID = FB839B6D24057FEA00690E26;
					};
					FB839B8E24057FEF00690E26 = {
						CreatedOnToolsVersion = 11.3.1;
						TestTargetID = FB839B6D24057FEA00690E26;
					};
				};
			};
			buildConfigurationList = FB839B6924057FEA00690E26 /* Build configuration list for PBXProject "NearbyPlaces" */;
			compatibilityVersion = "Xcode 9.3";
			developmentRegion = en;
			hasScannedForEncodings = 0;
			knownRegions = (
				en,
				Base,
			);
			mainGroup = FB839B6524057FEA00690E26;
			productRefGroup = FB839B6F24057FEA00690E26 /* Products */;
			projectDirPath = "";
			projectRoot = "";
			targets = (
				FB839B6D24057FEA00690E26 /* NearbyPlaces */,
				FB839B8324057FEF00690E26 /* NearbyPlacesTests */,
				FB839B8E24057FEF00690E26 /* NearbyPlacesUITests */,
			);
		};
/* End PBXProject section */

/* Begin PBXResourcesBuildPhase section */
		FB839B6C24057FEA00690E26 /* Resources */ = {
			isa = PBXResourcesBuildPhase;
			buildActionMask = 2147483647;
			files = (
				FB839B7E24057FEF00690E26 /* LaunchScreen.storyboard in Resources */,
				FB839B7B24057FEF00690E26 /* Preview Assets.xcassets in Resources */,
				FB839B7824057FEF00690E26 /* Assets.xcassets in Resources */,
			);
			runOnlyForDeploymentPostprocessing = 0;
		};
		FB839B8224057FEF00690E26 /* Resources */ = {
			isa = PBXResourcesBuildPhase;
			buildActionMask = 2147483647;
			files = (
			);
			runOnlyForDeploymentPostprocessing = 0;
		};
		FB839B8D24057FEF00690E26 /* Resources */ = {
			isa = PBXResourcesBuildPhase;
			buildActionMask = 2147483647;
			files = (
			);
			runOnlyForDeploymentPostprocessing = 0;
		};
/* End PBXResourcesBuildPhase section */

/* Begin PBXShellScriptBuildPhase section */
		3F02CC90F1CCF1F6C0B98D2B /* [CP] Embed Pods Frameworks */ = {
			isa = PBXShellScriptBuildPhase;
			buildActionMask = 2147483647;
			files = (
			);
			inputFileListPaths = (
				"${PODS_ROOT}/Target Support Files/Pods-NearbyPlaces/Pods-NearbyPlaces-frameworks-${CONFIGURATION}-input-files.xcfilelist",
			);
			name = "[CP] Embed Pods Frameworks";
			outputFileListPaths = (
				"${PODS_ROOT}/Target Support Files/Pods-NearbyPlaces/Pods-NearbyPlaces-frameworks-${CONFIGURATION}-output-files.xcfilelist",
			);
			runOnlyForDeploymentPostprocessing = 0;
			shellPath = /bin/sh;
			shellScript = "\"${PODS_ROOT}/Target Support Files/Pods-NearbyPlaces/Pods-NearbyPlaces-frameworks.sh\"\n";
			showEnvVarsInLog = 0;
		};
		43F117695B39896C61CB5B25 /* [CP] Check Pods Manifest.lock */ = {
			isa = PBXShellScriptBuildPhase;
			buildActionMask = 2147483647;
			files = (
			);
			inputFileListPaths = (
			);
			inputPaths = (
				"${PODS_PODFILE_DIR_PATH}/Podfile.lock",
				"${PODS_ROOT}/Manifest.lock",
			);
			name = "[CP] Check Pods Manifest.lock";
			outputFileListPaths = (
			);
			outputPaths = (
				"$(DERIVED_FILE_DIR)/Pods-NearbyPlacesTests-checkManifestLockResult.txt",
			);
			runOnlyForDeploymentPostprocessing = 0;
			shellPath = /bin/sh;
			shellScript = "diff \"${PODS_PODFILE_DIR_PATH}/Podfile.lock\" \"${PODS_ROOT}/Manifest.lock\" > /dev/null\nif [ $? != 0 ] ; then\n    # print error to STDERR\n    echo \"error: The sandbox is not in sync with the Podfile.lock. Run 'pod install' or update your CocoaPods installation.\" >&2\n    exit 1\nfi\n# This output is used by Xcode 'outputs' to avoid re-running this script phase.\necho \"SUCCESS\" > \"${SCRIPT_OUTPUT_FILE_0}\"\n";
			showEnvVarsInLog = 0;
		};
		526FA5816E1D04600A3F53ED /* [CP] Embed Pods Frameworks */ = {
			isa = PBXShellScriptBuildPhase;
			buildActionMask = 2147483647;
			files = (
			);
			inputFileListPaths = (
				"${PODS_ROOT}/Target Support Files/Pods-NearbyPlaces-NearbyPlacesUITests/Pods-NearbyPlaces-NearbyPlacesUITests-frameworks-${CONFIGURATION}-input-files.xcfilelist",
			);
			name = "[CP] Embed Pods Frameworks";
			outputFileListPaths = (
				"${PODS_ROOT}/Target Support Files/Pods-NearbyPlaces-NearbyPlacesUITests/Pods-NearbyPlaces-NearbyPlacesUITests-frameworks-${CONFIGURATION}-output-files.xcfilelist",
			);
			runOnlyForDeploymentPostprocessing = 0;
			shellPath = /bin/sh;
			shellScript = "\"${PODS_ROOT}/Target Support Files/Pods-NearbyPlaces-NearbyPlacesUITests/Pods-NearbyPlaces-NearbyPlacesUITests-frameworks.sh\"\n";
			showEnvVarsInLog = 0;
		};
		9227C382C252B5E027C3F874 /* [CP] Check Pods Manifest.lock */ = {
			isa = PBXShellScriptBuildPhase;
			buildActionMask = 2147483647;
			files = (
			);
			inputFileListPaths = (
			);
			inputPaths = (
				"${PODS_PODFILE_DIR_PATH}/Podfile.lock",
				"${PODS_ROOT}/Manifest.lock",
			);
			name = "[CP] Check Pods Manifest.lock";
			outputFileListPaths = (
			);
			outputPaths = (
				"$(DERIVED_FILE_DIR)/Pods-NearbyPlaces-checkManifestLockResult.txt",
			);
			runOnlyForDeploymentPostprocessing = 0;
			shellPath = /bin/sh;
			shellScript = "diff \"${PODS_PODFILE_DIR_PATH}/Podfile.lock\" \"${PODS_ROOT}/Manifest.lock\" > /dev/null\nif [ $? != 0 ] ; then\n    # print error to STDERR\n    echo \"error: The sandbox is not in sync with the Podfile.lock. Run 'pod install' or update your CocoaPods installation.\" >&2\n    exit 1\nfi\n# This output is used by Xcode 'outputs' to avoid re-running this script phase.\necho \"SUCCESS\" > \"${SCRIPT_OUTPUT_FILE_0}\"\n";
			showEnvVarsInLog = 0;
		};
		ED2F84B41709A911C1FEFDDF /* [CP] Check Pods Manifest.lock */ = {
			isa = PBXShellScriptBuildPhase;
			buildActionMask = 2147483647;
			files = (
			);
			inputFileListPaths = (
			);
			inputPaths = (
				"${PODS_PODFILE_DIR_PATH}/Podfile.lock",
				"${PODS_ROOT}/Manifest.lock",
			);
			name = "[CP] Check Pods Manifest.lock";
			outputFileListPaths = (
			);
			outputPaths = (
				"$(DERIVED_FILE_DIR)/Pods-NearbyPlaces-NearbyPlacesUITests-checkManifestLockResult.txt",
			);
			runOnlyForDeploymentPostprocessing = 0;
			shellPath = /bin/sh;
			shellScript = "diff \"${PODS_PODFILE_DIR_PATH}/Podfile.lock\" \"${PODS_ROOT}/Manifest.lock\" > /dev/null\nif [ $? != 0 ] ; then\n    # print error to STDERR\n    echo \"error: The sandbox is not in sync with the Podfile.lock. Run 'pod install' or update your CocoaPods installation.\" >&2\n    exit 1\nfi\n# This output is used by Xcode 'outputs' to avoid re-running this script phase.\necho \"SUCCESS\" > \"${SCRIPT_OUTPUT_FILE_0}\"\n";
			showEnvVarsInLog = 0;
		};
/* End PBXShellScriptBuildPhase section */

/* Begin PBXSourcesBuildPhase section */
		FB839B6A24057FEA00690E26 /* Sources */ = {
			isa = PBXSourcesBuildPhase;
			buildActionMask = 2147483647;
			files = (
				FB839BED2406819E00690E26 /* EndPointURL.swift in Sources */,
				FB839B7224057FEA00690E26 /* AppDelegate.swift in Sources */,
				FB839BA2240580AF00690E26 /* DetailView.swift in Sources */,
				FB839B7424057FEA00690E26 /* SceneDelegate.swift in Sources */,
				FBD7F50A2406E09300BD7C61 /* DetailFetcher.swift in Sources */,
				FB839BF6240689F300690E26 /* PlacesListViewModel.swift in Sources */,
				FBD7F5032406C68800BD7C61 /* PlacesFetcher.swift in Sources */,
				FBD7F5052406C70800BD7C61 /* PlacesResponse.swift in Sources */,
				FB839BE72406631000690E26 /* Place.swift in Sources */,
				FB839BF2240687B700690E26 /* ErrorResponse.swift in Sources */,
				FB839BEB240663F000690E26 /* PlaceDetail.swift in Sources */,
				FB839BF4240688D300690E26 /* Response.swift in Sources */,
				FB839BF824068A0000690E26 /* DetailViewModel.swift in Sources */,
				FB839BFA24068AED00690E26 /* Mocker.swift in Sources */,
				FB839B7624057FEA00690E26 /* ContentView.swift in Sources */,
				FBD7F50C2406E13800BD7C61 /* DetailResponse.swift in Sources */,
				FBD7F5082406D88F00BD7C61 /* NOURLEncoding.swift in Sources */,
				FB839BE52405CDA300690E26 /* PlacesListView.swift in Sources */,
				FB839BEF240681A800690E26 /* RestServices.swift in Sources */,
			);
			runOnlyForDeploymentPostprocessing = 0;
		};
		FB839B8024057FEF00690E26 /* Sources */ = {
			isa = PBXSourcesBuildPhase;
			buildActionMask = 2147483647;
			files = (
				FB839B8924057FEF00690E26 /* NearbyPlacesTests.swift in Sources */,
			);
			runOnlyForDeploymentPostprocessing = 0;
		};
		FB839B8B24057FEF00690E26 /* Sources */ = {
			isa = PBXSourcesBuildPhase;
			buildActionMask = 2147483647;
			files = (
				FB839B9424057FEF00690E26 /* NearbyPlacesUITests.swift in Sources */,
			);
			runOnlyForDeploymentPostprocessing = 0;
		};
/* End PBXSourcesBuildPhase section */

/* Begin PBXTargetDependency section */
		FB839B8624057FEF00690E26 /* PBXTargetDependency */ = {
			isa = PBXTargetDependency;
			target = FB839B6D24057FEA00690E26 /* NearbyPlaces */;
			targetProxy = FB839B8524057FEF00690E26 /* PBXContainerItemProxy */;
		};
		FB839B9124057FEF00690E26 /* PBXTargetDependency */ = {
			isa = PBXTargetDependency;
			target = FB839B6D24057FEA00690E26 /* NearbyPlaces */;
			targetProxy = FB839B9024057FEF00690E26 /* PBXContainerItemProxy */;
		};
/* End PBXTargetDependency section */

/* Begin PBXVariantGroup section */
		FB839B7C24057FEF00690E26 /* LaunchScreen.storyboard */ = {
			isa = PBXVariantGroup;
			children = (
				FB839B7D24057FEF00690E26 /* Base */,
			);
			name = LaunchScreen.storyboard;
			sourceTree = "<group>";
		};
/* End PBXVariantGroup section */

/* Begin XCBuildConfiguration section */
		FB839B9624057FEF00690E26 /* Debug */ = {
			isa = XCBuildConfiguration;
			buildSettings = {
				ALWAYS_SEARCH_USER_PATHS = NO;
				CLANG_ANALYZER_NONNULL = YES;
				CLANG_ANALYZER_NUMBER_OBJECT_CONVERSION = YES_AGGRESSIVE;
				CLANG_CXX_LANGUAGE_STANDARD = "gnu++14";
				CLANG_CXX_LIBRARY = "libc++";
				CLANG_ENABLE_MODULES = YES;
				CLANG_ENABLE_OBJC_ARC = YES;
				CLANG_ENABLE_OBJC_WEAK = YES;
				CLANG_WARN_BLOCK_CAPTURE_AUTORELEASING = YES;
				CLANG_WARN_BOOL_CONVERSION = YES;
				CLANG_WARN_COMMA = YES;
				CLANG_WARN_CONSTANT_CONVERSION = YES;
				CLANG_WARN_DEPRECATED_OBJC_IMPLEMENTATIONS = YES;
				CLANG_WARN_DIRECT_OBJC_ISA_USAGE = YES_ERROR;
				CLANG_WARN_DOCUMENTATION_COMMENTS = YES;
				CLANG_WARN_EMPTY_BODY = YES;
				CLANG_WARN_ENUM_CONVERSION = YES;
				CLANG_WARN_INFINITE_RECURSION = YES;
				CLANG_WARN_INT_CONVERSION = YES;
				CLANG_WARN_NON_LITERAL_NULL_CONVERSION = YES;
				CLANG_WARN_OBJC_IMPLICIT_RETAIN_SELF = YES;
				CLANG_WARN_OBJC_LITERAL_CONVERSION = YES;
				CLANG_WARN_OBJC_ROOT_CLASS = YES_ERROR;
				CLANG_WARN_RANGE_LOOP_ANALYSIS = YES;
				CLANG_WARN_STRICT_PROTOTYPES = YES;
				CLANG_WARN_SUSPICIOUS_MOVE = YES;
				CLANG_WARN_UNGUARDED_AVAILABILITY = YES_AGGRESSIVE;
				CLANG_WARN_UNREACHABLE_CODE = YES;
				CLANG_WARN__DUPLICATE_METHOD_MATCH = YES;
				COPY_PHASE_STRIP = NO;
				DEBUG_INFORMATION_FORMAT = dwarf;
				ENABLE_STRICT_OBJC_MSGSEND = YES;
				ENABLE_TESTABILITY = YES;
				GCC_C_LANGUAGE_STANDARD = gnu11;
				GCC_DYNAMIC_NO_PIC = NO;
				GCC_NO_COMMON_BLOCKS = YES;
				GCC_OPTIMIZATION_LEVEL = 0;
				GCC_PREPROCESSOR_DEFINITIONS = (
					"DEBUG=1",
					"$(inherited)",
				);
				GCC_WARN_64_TO_32_BIT_CONVERSION = YES;
				GCC_WARN_ABOUT_RETURN_TYPE = YES_ERROR;
				GCC_WARN_UNDECLARED_SELECTOR = YES;
				GCC_WARN_UNINITIALIZED_AUTOS = YES_AGGRESSIVE;
				GCC_WARN_UNUSED_FUNCTION = YES;
				GCC_WARN_UNUSED_VARIABLE = YES;
				IPHONEOS_DEPLOYMENT_TARGET = 13.2;
				MTL_ENABLE_DEBUG_INFO = INCLUDE_SOURCE;
				MTL_FAST_MATH = YES;
				ONLY_ACTIVE_ARCH = YES;
				SDKROOT = iphoneos;
				SWIFT_ACTIVE_COMPILATION_CONDITIONS = DEBUG;
				SWIFT_OPTIMIZATION_LEVEL = "-Onone";
			};
			name = Debug;
		};
		FB839B9724057FEF00690E26 /* Release */ = {
			isa = XCBuildConfiguration;
			buildSettings = {
				ALWAYS_SEARCH_USER_PATHS = NO;
				CLANG_ANALYZER_NONNULL = YES;
				CLANG_ANALYZER_NUMBER_OBJECT_CONVERSION = YES_AGGRESSIVE;
				CLANG_CXX_LANGUAGE_STANDARD = "gnu++14";
				CLANG_CXX_LIBRARY = "libc++";
				CLANG_ENABLE_MODULES = YES;
				CLANG_ENABLE_OBJC_ARC = YES;
				CLANG_ENABLE_OBJC_WEAK = YES;
				CLANG_WARN_BLOCK_CAPTURE_AUTORELEASING = YES;
				CLANG_WARN_BOOL_CONVERSION = YES;
				CLANG_WARN_COMMA = YES;
				CLANG_WARN_CONSTANT_CONVERSION = YES;
				CLANG_WARN_DEPRECATED_OBJC_IMPLEMENTATIONS = YES;
				CLANG_WARN_DIRECT_OBJC_ISA_USAGE = YES_ERROR;
				CLANG_WARN_DOCUMENTATION_COMMENTS = YES;
				CLANG_WARN_EMPTY_BODY = YES;
				CLANG_WARN_ENUM_CONVERSION = YES;
				CLANG_WARN_INFINITE_RECURSION = YES;
				CLANG_WARN_INT_CONVERSION = YES;
				CLANG_WARN_NON_LITERAL_NULL_CONVERSION = YES;
				CLANG_WARN_OBJC_IMPLICIT_RETAIN_SELF = YES;
				CLANG_WARN_OBJC_LITERAL_CONVERSION = YES;
				CLANG_WARN_OBJC_ROOT_CLASS = YES_ERROR;
				CLANG_WARN_RANGE_LOOP_ANALYSIS = YES;
				CLANG_WARN_STRICT_PROTOTYPES = YES;
				CLANG_WARN_SUSPICIOUS_MOVE = YES;
				CLANG_WARN_UNGUARDED_AVAILABILITY = YES_AGGRESSIVE;
				CLANG_WARN_UNREACHABLE_CODE = YES;
				CLANG_WARN__DUPLICATE_METHOD_MATCH = YES;
				COPY_PHASE_STRIP = NO;
				DEBUG_INFORMATION_FORMAT = "dwarf-with-dsym";
				ENABLE_NS_ASSERTIONS = NO;
				ENABLE_STRICT_OBJC_MSGSEND = YES;
				GCC_C_LANGUAGE_STANDARD = gnu11;
				GCC_NO_COMMON_BLOCKS = YES;
				GCC_WARN_64_TO_32_BIT_CONVERSION = YES;
				GCC_WARN_ABOUT_RETURN_TYPE = YES_ERROR;
				GCC_WARN_UNDECLARED_SELECTOR = YES;
				GCC_WARN_UNINITIALIZED_AUTOS = YES_AGGRESSIVE;
				GCC_WARN_UNUSED_FUNCTION = YES;
				GCC_WARN_UNUSED_VARIABLE = YES;
				IPHONEOS_DEPLOYMENT_TARGET = 13.2;
				MTL_ENABLE_DEBUG_INFO = NO;
				MTL_FAST_MATH = YES;
				SDKROOT = iphoneos;
				SWIFT_COMPILATION_MODE = wholemodule;
				SWIFT_OPTIMIZATION_LEVEL = "-O";
				VALIDATE_PRODUCT = YES;
			};
			name = Release;
		};
		FB839B9924057FEF00690E26 /* Debug */ = {
			isa = XCBuildConfiguration;
			baseConfigurationReference = 32E9EBD698C7D3610D518765 /* Pods-NearbyPlaces.debug.xcconfig */;
			buildSettings = {
				ASSETCATALOG_COMPILER_APPICON_NAME = AppIcon;
				CODE_SIGN_STYLE = Automatic;
				DEVELOPMENT_ASSET_PATHS = "\"NearbyPlaces/Preview Content\"";
				DEVELOPMENT_TEAM = TU6A9VFP8M;
				ENABLE_PREVIEWS = YES;
				INFOPLIST_FILE = NearbyPlaces/Info.plist;
				LD_RUNPATH_SEARCH_PATHS = (
					"$(inherited)",
					"@executable_path/Frameworks",
				);
				PRODUCT_BUNDLE_IDENTIFIER = furrki.NearbyPlaces;
				PRODUCT_NAME = "$(TARGET_NAME)";
				SWIFT_VERSION = 5.0;
				TARGETED_DEVICE_FAMILY = "1,2";
			};
			name = Debug;
		};
		FB839B9A24057FEF00690E26 /* Release */ = {
			isa = XCBuildConfiguration;
			baseConfigurationReference = 115BB83FA676163CBCD3B191 /* Pods-NearbyPlaces.release.xcconfig */;
			buildSettings = {
				ASSETCATALOG_COMPILER_APPICON_NAME = AppIcon;
				CODE_SIGN_STYLE = Automatic;
				DEVELOPMENT_ASSET_PATHS = "\"NearbyPlaces/Preview Content\"";
				DEVELOPMENT_TEAM = TU6A9VFP8M;
				ENABLE_PREVIEWS = YES;
				INFOPLIST_FILE = NearbyPlaces/Info.plist;
				LD_RUNPATH_SEARCH_PATHS = (
					"$(inherited)",
					"@executable_path/Frameworks",
				);
				PRODUCT_BUNDLE_IDENTIFIER = furrki.NearbyPlaces;
				PRODUCT_NAME = "$(TARGET_NAME)";
				SWIFT_VERSION = 5.0;
				TARGETED_DEVICE_FAMILY = "1,2";
			};
			name = Release;
		};
		FB839B9C24057FEF00690E26 /* Debug */ = {
			isa = XCBuildConfiguration;
			baseConfigurationReference = 647B78DD6252514209EDF26B /* Pods-NearbyPlacesTests.debug.xcconfig */;
			buildSettings = {
				ALWAYS_EMBED_SWIFT_STANDARD_LIBRARIES = YES;
				BUNDLE_LOADER = "$(TEST_HOST)";
				CODE_SIGN_STYLE = Automatic;
				DEVELOPMENT_TEAM = TU6A9VFP8M;
				INFOPLIST_FILE = NearbyPlacesTests/Info.plist;
				IPHONEOS_DEPLOYMENT_TARGET = 13.2;
				LD_RUNPATH_SEARCH_PATHS = (
					"$(inherited)",
					"@executable_path/Frameworks",
					"@loader_path/Frameworks",
				);
				PRODUCT_BUNDLE_IDENTIFIER = furrki.NearbyPlacesTests;
				PRODUCT_NAME = "$(TARGET_NAME)";
				SWIFT_VERSION = 5.0;
				TARGETED_DEVICE_FAMILY = "1,2";
				TEST_HOST = "$(BUILT_PRODUCTS_DIR)/NearbyPlaces.app/NearbyPlaces";
			};
			name = Debug;
		};
		FB839B9D24057FEF00690E26 /* Release */ = {
			isa = XCBuildConfiguration;
			baseConfigurationReference = 03AF6FE9C90C0DA63FD4351F /* Pods-NearbyPlacesTests.release.xcconfig */;
			buildSettings = {
				ALWAYS_EMBED_SWIFT_STANDARD_LIBRARIES = YES;
				BUNDLE_LOADER = "$(TEST_HOST)";
				CODE_SIGN_STYLE = Automatic;
				DEVELOPMENT_TEAM = TU6A9VFP8M;
				INFOPLIST_FILE = NearbyPlacesTests/Info.plist;
				IPHONEOS_DEPLOYMENT_TARGET = 13.2;
				LD_RUNPATH_SEARCH_PATHS = (
					"$(inherited)",
					"@executable_path/Frameworks",
					"@loader_path/Frameworks",
				);
				PRODUCT_BUNDLE_IDENTIFIER = furrki.NearbyPlacesTests;
				PRODUCT_NAME = "$(TARGET_NAME)";
				SWIFT_VERSION = 5.0;
				TARGETED_DEVICE_FAMILY = "1,2";
				TEST_HOST = "$(BUILT_PRODUCTS_DIR)/NearbyPlaces.app/NearbyPlaces";
			};
			name = Release;
		};
		FB839B9F24057FEF00690E26 /* Debug */ = {
			isa = XCBuildConfiguration;
			baseConfigurationReference = 81A01A3132EA9779A541FD57 /* Pods-NearbyPlaces-NearbyPlacesUITests.debug.xcconfig */;
			buildSettings = {
				ALWAYS_EMBED_SWIFT_STANDARD_LIBRARIES = YES;
				CODE_SIGN_STYLE = Automatic;
				DEVELOPMENT_TEAM = TU6A9VFP8M;
				INFOPLIST_FILE = NearbyPlacesUITests/Info.plist;
				LD_RUNPATH_SEARCH_PATHS = (
					"$(inherited)",
					"@executable_path/Frameworks",
					"@loader_path/Frameworks",
				);
				PRODUCT_BUNDLE_IDENTIFIER = furrki.NearbyPlacesUITests;
				PRODUCT_NAME = "$(TARGET_NAME)";
				SWIFT_VERSION = 5.0;
				TARGETED_DEVICE_FAMILY = "1,2";
				TEST_TARGET_NAME = NearbyPlaces;
			};
			name = Debug;
		};
		FB839BA024057FEF00690E26 /* Release */ = {
			isa = XCBuildConfiguration;
			baseConfigurationReference = 0AAE3249E6305042FADAF458 /* Pods-NearbyPlaces-NearbyPlacesUITests.release.xcconfig */;
			buildSettings = {
				ALWAYS_EMBED_SWIFT_STANDARD_LIBRARIES = YES;
				CODE_SIGN_STYLE = Automatic;
				DEVELOPMENT_TEAM = TU6A9VFP8M;
				INFOPLIST_FILE = NearbyPlacesUITests/Info.plist;
				LD_RUNPATH_SEARCH_PATHS = (
					"$(inherited)",
					"@executable_path/Frameworks",
					"@loader_path/Frameworks",
				);
				PRODUCT_BUNDLE_IDENTIFIER = furrki.NearbyPlacesUITests;
				PRODUCT_NAME = "$(TARGET_NAME)";
				SWIFT_VERSION = 5.0;
				TARGETED_DEVICE_FAMILY = "1,2";
				TEST_TARGET_NAME = NearbyPlaces;
			};
			name = Release;
		};
/* End XCBuildConfiguration section */

/* Begin XCConfigurationList section */
		FB839B6924057FEA00690E26 /* Build configuration list for PBXProject "NearbyPlaces" */ = {
			isa = XCConfigurationList;
			buildConfigurations = (
				FB839B9624057FEF00690E26 /* Debug */,
				FB839B9724057FEF00690E26 /* Release */,
			);
			defaultConfigurationIsVisible = 0;
			defaultConfigurationName = Release;
		};
		FB839B9824057FEF00690E26 /* Build configuration list for PBXNativeTarget "NearbyPlaces" */ = {
			isa = XCConfigurationList;
			buildConfigurations = (
				FB839B9924057FEF00690E26 /* Debug */,
				FB839B9A24057FEF00690E26 /* Release */,
			);
			defaultConfigurationIsVisible = 0;
			defaultConfigurationName = Release;
		};
		FB839B9B24057FEF00690E26 /* Build configuration list for PBXNativeTarget "NearbyPlacesTests" */ = {
			isa = XCConfigurationList;
			buildConfigurations = (
				FB839B9C24057FEF00690E26 /* Debug */,
				FB839B9D24057FEF00690E26 /* Release */,
			);
			defaultConfigurationIsVisible = 0;
			defaultConfigurationName = Release;
		};
		FB839B9E24057FEF00690E26 /* Build configuration list for PBXNativeTarget "NearbyPlacesUITests" */ = {
			isa = XCConfigurationList;
			buildConfigurations = (
				FB839B9F24057FEF00690E26 /* Debug */,
				FB839BA024057FEF00690E26 /* Release */,
			);
			defaultConfigurationIsVisible = 0;
			defaultConfigurationName = Release;
		};
/* End XCConfigurationList section */
	};
	rootObject = FB839B6624057FEA00690E26 /* Project object */;
}
